{
  "name": "@thetc/routing-next",
  "version": "0.2.2",
  "lockfileVersion": 2,
  "requires": true,
  "packages": {
    "": {
      "name": "@thetc/routing-next",
      "version": "0.2.2",
      "hasInstallScript": true,
      "license": "Apache-2.0 OR MIT",
      "dependencies": {
        "@thetc/routing": "^0.2.2"
      },
      "devDependencies": {
        "@types/react": "^17.0.39",
        "typescript": "^4.5.5"
      },
      "peerDependencies": {
        "next": "^12.0.10",
        "react": "^17.0.2"
      }
    },
    "../routing": {
      "name": "@thetc/routing",
      "version": "0.2.2",
      "extraneous": true,
      "hasInstallScript": true,
      "license": "Apache-2.0 OR MIT",
      "dependencies": {
        "reflect-metadata": "^0.1.13"
      },
      "devDependencies": {
        "@types/react": "^17.0.39",
        "typescript": "^4.5.5"
      }
    },
    "node_modules/@next/env": {
      "version": "12.0.10",
      "license": "MIT",
      "peer": true
    },
    "node_modules/@next/swc-darwin-arm64": {
      "version": "12.0.10",
      "cpu": [
        "arm64"
      ],
      "license": "MIT",
      "optional": true,
      "os": [
        "darwin"
      ],
      "peer": true,
      "engines": {
        "node": ">= 10"
      }
    },
    "node_modules/@thetc/routing": {
      "version": "0.2.2",
      "resolved": "https://registry.npmjs.org/@thetc/routing/-/routing-0.2.2.tgz",
      "integrity": "sha512-8lydODIXphZR/qrJO0em0BFyb4f9Bl4+UIHWM3wZ2Qz3FlZE7KzkwQVUYXck5bhdHsy/GqY1yFj3iH5f48Df0g==",
      "hasInstallScript": true,
      "dependencies": {
        "reflect-metadata": "^0.1.13"
      }
    },
    "node_modules/@types/prop-types": {
      "version": "15.7.4",
      "dev": true,
      "license": "MIT"
    },
    "node_modules/@types/react": {
      "version": "17.0.39",
      "dev": true,
      "license": "MIT",
      "dependencies": {
        "@types/prop-types": "*",
        "@types/scheduler": "*",
        "csstype": "^3.0.2"
      }
    },
    "node_modules/@types/scheduler": {
      "version": "0.16.2",
      "dev": true,
      "license": "MIT"
    },
    "node_modules/caniuse-lite": {
      "version": "1.0.30001311",
      "license": "CC-BY-4.0",
      "peer": true,
      "funding": {
        "type": "opencollective",
        "url": "https://opencollective.com/browserslist"
      }
    },
    "node_modules/csstype": {
      "version": "3.0.10",
      "dev": true,
      "license": "MIT"
    },
    "node_modules/js-tokens": {
      "version": "4.0.0",
      "license": "MIT",
      "peer": true
    },
    "node_modules/loose-envify": {
      "version": "1.4.0",
      "license": "MIT",
      "peer": true,
      "dependencies": {
        "js-tokens": "^3.0.0 || ^4.0.0"
      },
      "bin": {
        "loose-envify": "cli.js"
      }
    },
    "node_modules/nanoid": {
      "version": "3.2.0",
      "license": "MIT",
      "peer": true,
      "bin": {
        "nanoid": "bin/nanoid.cjs"
      },
      "engines": {
        "node": "^10 || ^12 || ^13.7 || ^14 || >=15.0.1"
      }
    },
    "node_modules/next": {
      "version": "12.0.10",
      "license": "MIT",
      "peer": true,
      "dependencies": {
        "@next/env": "12.0.10",
        "caniuse-lite": "^1.0.30001283",
        "postcss": "8.4.5",
        "styled-jsx": "5.0.0",
        "use-subscription": "1.5.1"
      },
      "bin": {
        "next": "dist/bin/next"
      },
      "engines": {
        "node": ">=12.22.0"
      },
      "optionalDependencies": {
        "@next/swc-android-arm64": "12.0.10",
        "@next/swc-darwin-arm64": "12.0.10",
        "@next/swc-darwin-x64": "12.0.10",
        "@next/swc-linux-arm-gnueabihf": "12.0.10",
        "@next/swc-linux-arm64-gnu": "12.0.10",
        "@next/swc-linux-arm64-musl": "12.0.10",
        "@next/swc-linux-x64-gnu": "12.0.10",
        "@next/swc-linux-x64-musl": "12.0.10",
        "@next/swc-win32-arm64-msvc": "12.0.10",
        "@next/swc-win32-ia32-msvc": "12.0.10",
        "@next/swc-win32-x64-msvc": "12.0.10"
      },
      "peerDependencies": {
        "fibers": ">= 3.1.0",
        "node-sass": "^4.0.0 || ^5.0.0 || ^6.0.0",
        "react": "^17.0.2 || ^18.0.0-0",
        "react-dom": "^17.0.2 || ^18.0.0-0",
        "sass": "^1.3.0"
      },
      "peerDependenciesMeta": {
        "fibers": {
          "optional": true
        },
        "node-sass": {
          "optional": true
        },
        "sass": {
          "optional": true
        }
      }
    },
    "node_modules/object-assign": {
      "version": "4.1.1",
      "license": "MIT",
      "peer": true,
      "engines": {
        "node": ">=0.10.0"
      }
    },
    "node_modules/picocolors": {
      "version": "1.0.0",
      "license": "ISC",
      "peer": true
    },
    "node_modules/postcss": {
      "version": "8.4.5",
      "license": "MIT",
      "peer": true,
      "dependencies": {
        "nanoid": "^3.1.30",
        "picocolors": "^1.0.0",
        "source-map-js": "^1.0.1"
      },
      "engines": {
        "node": "^10 || ^12 || >=14"
      },
      "funding": {
        "type": "opencollective",
        "url": "https://opencollective.com/postcss/"
      }
    },
    "node_modules/react": {
      "version": "17.0.2",
      "license": "MIT",
      "peer": true,
      "dependencies": {
        "loose-envify": "^1.1.0",
        "object-assign": "^4.1.1"
      },
      "engines": {
        "node": ">=0.10.0"
      }
    },
    "node_modules/react-dom": {
      "version": "17.0.2",
      "license": "MIT",
      "peer": true,
      "dependencies": {
        "loose-envify": "^1.1.0",
        "object-assign": "^4.1.1",
        "scheduler": "^0.20.2"
      },
      "peerDependencies": {
        "react": "17.0.2"
      }
    },
    "node_modules/reflect-metadata": {
      "version": "0.1.13",
      "resolved": "https://registry.npmjs.org/reflect-metadata/-/reflect-metadata-0.1.13.tgz",
      "integrity": "sha512-Ts1Y/anZELhSsjMcU605fU9RE4Oi3p5ORujwbIKXfWa+0Zxs510Qrmrce5/Jowq3cHSZSJqBjypxmHarc+vEWg=="
    },
    "node_modules/scheduler": {
      "version": "0.20.2",
      "license": "MIT",
      "peer": true,
      "dependencies": {
        "loose-envify": "^1.1.0",
        "object-assign": "^4.1.1"
      }
    },
    "node_modules/source-map-js": {
      "version": "1.0.2",
      "license": "BSD-3-Clause",
      "peer": true,
      "engines": {
        "node": ">=0.10.0"
      }
    },
    "node_modules/styled-jsx": {
      "version": "5.0.0",
      "license": "MIT",
      "peer": true,
      "engines": {
        "node": ">= 12.0.0"
      },
      "peerDependencies": {
        "react": ">= 16.8.0 || 17.x.x || 18.x.x"
      },
      "peerDependenciesMeta": {
        "@babel/core": {
          "optional": true
        },
        "babel-plugin-macros": {
          "optional": true
        }
      }
    },
    "node_modules/typescript": {
      "version": "4.5.5",
      "dev": true,
      "license": "Apache-2.0",
      "bin": {
        "tsc": "bin/tsc",
        "tsserver": "bin/tsserver"
      },
      "engines": {
        "node": ">=4.2.0"
      }
    },
    "node_modules/use-subscription": {
      "version": "1.5.1",
      "license": "MIT",
      "peer": true,
      "dependencies": {
        "object-assign": "^4.1.1"
      },
      "peerDependencies": {
        "react": "^16.8.0 || ^17.0.0"
      }
    }
  },
  "dependencies": {
    "@next/env": {
      "version": "12.0.10",
      "peer": true
    },
    "@next/swc-darwin-arm64": {
      "version": "12.0.10",
      "optional": true,
      "peer": true
    },
    "@thetc/routing": {
      "version": "0.2.2",
      "resolved": "https://registry.npmjs.org/@thetc/routing/-/routing-0.2.2.tgz",
      "integrity": "sha512-8lydODIXphZR/qrJO0em0BFyb4f9Bl4+UIHWM3wZ2Qz3FlZE7KzkwQVUYXck5bhdHsy/GqY1yFj3iH5f48Df0g==",
      "requires": {
        "reflect-metadata": "^0.1.13"
      }
    },
    "@types/prop-types": {
      "version": "15.7.4",
      "dev": true
    },
    "@types/react": {
      "version": "17.0.39",
      "dev": true,
      "requires": {
        "@types/prop-types": "*",
        "@types/scheduler": "*",
        "csstype": "^3.0.2"
      }
    },
    "@types/scheduler": {
      "version": "0.16.2",
      "dev": true
    },
    "caniuse-lite": {
      "version": "1.0.30001311",
      "peer": true
    },
    "csstype": {
      "version": "3.0.10",
      "dev": true
    },
    "js-tokens": {
      "version": "4.0.0",
      "peer": true
    },
    "loose-envify": {
      "version": "1.4.0",
      "peer": true,
      "requires": {
        "js-tokens": "^3.0.0 || ^4.0.0"
      }
    },
    "nanoid": {
      "version": "3.2.0",
      "peer": true
    },
    "next": {
      "version": "12.0.10",
      "peer": true,
      "requires": {
        "@next/env": "12.0.10",
        "@next/swc-android-arm64": "12.0.10",
        "@next/swc-darwin-arm64": "12.0.10",
        "@next/swc-darwin-x64": "12.0.10",
        "@next/swc-linux-arm-gnueabihf": "12.0.10",
        "@next/swc-linux-arm64-gnu": "12.0.10",
        "@next/swc-linux-arm64-musl": "12.0.10",
        "@next/swc-linux-x64-gnu": "12.0.10",
        "@next/swc-linux-x64-musl": "12.0.10",
        "@next/swc-win32-arm64-msvc": "12.0.10",
        "@next/swc-win32-ia32-msvc": "12.0.10",
        "@next/swc-win32-x64-msvc": "12.0.10",
        "caniuse-lite": "^1.0.30001283",
        "postcss": "8.4.5",
        "styled-jsx": "5.0.0",
        "use-subscription": "1.5.1"
      }
    },
    "object-assign": {
      "version": "4.1.1",
      "peer": true
    },
    "picocolors": {
      "version": "1.0.0",
      "peer": true
    },
    "postcss": {
      "version": "8.4.5",
      "peer": true,
      "requires": {
        "nanoid": "^3.1.30",
        "picocolors": "^1.0.0",
        "source-map-js": "^1.0.1"
      }
    },
    "react": {
      "version": "17.0.2",
      "peer": true,
      "requires": {
        "loose-envify": "^1.1.0",
        "object-assign": "^4.1.1"
      }
    },
    "react-dom": {
      "version": "17.0.2",
      "peer": true,
      "requires": {
        "loose-envify": "^1.1.0",
        "object-assign": "^4.1.1",
        "scheduler": "^0.20.2"
      }
    },
    "reflect-metadata": {
      "version": "0.1.13",
      "resolved": "https://registry.npmjs.org/reflect-metadata/-/reflect-metadata-0.1.13.tgz",
      "integrity": "sha512-Ts1Y/anZELhSsjMcU605fU9RE4Oi3p5ORujwbIKXfWa+0Zxs510Qrmrce5/Jowq3cHSZSJqBjypxmHarc+vEWg=="
    },
    "scheduler": {
      "version": "0.20.2",
      "peer": true,
      "requires": {
        "loose-envify": "^1.1.0",
        "object-assign": "^4.1.1"
      }
    },
    "source-map-js": {
      "version": "1.0.2",
      "peer": true
    },
    "styled-jsx": {
      "version": "5.0.0",
      "peer": true,
      "requires": {}
    },
    "typescript": {
      "version": "4.5.5",
      "dev": true
    },
    "use-subscription": {
      "version": "1.5.1",
      "peer": true,
      "requires": {
        "object-assign": "^4.1.1"
      }
    }
  }
}
